github.com/knieriem/g v0.5.0 h1:0WGfg4rfLD70T5e3SLZ9HtmmLQlRPChoKG15B3dfyqI=
github.com/knieriem/g v0.5.0/go.mod h1:fhVCOebbqbZTIN+bv0aU/gOAasuZlP0ETeaF4N2553A=
github.com/lionkov/go9p v0.0.0-20180620135904-0a603dd6808a/go.mod h1:Nbrxd4FljESFB/bUvzT5xm1VNO2VfzMKSIv4L++4J4U=
golang.org/x/sys v0.16.0/go.mod h1:/VUhepiaJMQUp4+oa/7Zr1D23ma6VTLIYjOOTFZPUcA=
golang.org/x/sys v0.35.0 h1:vz1N37gP5bs89s7He8XuIYXpyY0+QlsKmzipCbUtyxI=
golang.org/x/sys v0.35.0/go.mod h1:BJP2sWEmIv4KK5OTEluFJCKSidICx8ciO85XgH3Ak8k=
